// !$*UTF8*$!
{
	archiveVersion = 1;
	classes = {
	};
	objectVersion = 56;
	objects = {

/* Begin PBXBuildFile section */
		B001000100000001 /* WorkoutApp.swift in Sources */ = {isa = PBXBuildFile; fileRef = B001000000000001 /* WorkoutApp.swift */; };
		B001000100000002 /* AppState.swift in Sources */ = {isa = PBXBuildFile; fileRef = B001000000000002 /* AppState.swift */; };
		B001000100000003 /* SupabaseClient.swift in Sources */ = {isa = PBXBuildFile; fileRef = B001000000000003 /* SupabaseClient.swift */; };
		B001000100000004 /* Assets.xcassets in Resources */ = {isa = PBXBuildFile; fileRef = B001000000000004 /* Assets.xcassets */; };
		B001001100000001 /* WorkoutAppTests.swift in Sources */ = {isa = PBXBuildFile; fileRef = B001001000000001 /* WorkoutAppTests.swift */; };
		B001002100000001 /* WorkoutAppUITests.swift in Sources */ = {isa = PBXBuildFile; fileRef = B001002000000001 /* WorkoutAppUITests.swift */; };
		B001003100000001 /* Supabase in Frameworks */ = {isa = PBXBuildFile; productRef = B001003000000001 /* Supabase */; };
		B001003100000002 /* KeychainAccess in Frameworks */ = {isa = PBXBuildFile; productRef = B001003000000002 /* KeychainAccess */; };
		B003000100000001 /* OnboardingViewModel.swift in Sources */ = {isa = PBXBuildFile; fileRef = B003000000000001 /* OnboardingViewModel.swift */; };
		B003000100000002 /* ChipView.swift in Sources */ = {isa = PBXBuildFile; fileRef = B003000000000002 /* ChipView.swift */; };
		B003000100000003 /* ChipGridView.swift in Sources */ = {isa = PBXBuildFile; fileRef = B003000000000003 /* ChipGridView.swift */; };
		B003000100000004 /* OnboardingProgressView.swift in Sources */ = {isa = PBXBuildFile; fileRef = B003000000000004 /* OnboardingProgressView.swift */; };
		B003000100000005 /* OnboardingView.swift in Sources */ = {isa = PBXBuildFile; fileRef = B003000000000005 /* OnboardingView.swift */; };
		B003000100000006 /* GoalCardView.swift in Sources */ = {isa = PBXBuildFile; fileRef = B003000000000006 /* GoalCardView.swift */; };
		B003000100000007 /* FitnessLevelCardView.swift in Sources */ = {isa = PBXBuildFile; fileRef = B003000000000007 /* FitnessLevelCardView.swift */; };
		B003000100000008 /* DaysPerWeekCardView.swift in Sources */ = {isa = PBXBuildFile; fileRef = B003000000000008 /* DaysPerWeekCardView.swift */; };
		B003000100000009 /* EquipmentCardView.swift in Sources */ = {isa = PBXBuildFile; fileRef = B003000000000009 /* EquipmentCardView.swift */; };
		B00300010000000A /* InjuriesCardView.swift in Sources */ = {isa = PBXBuildFile; fileRef = B00300000000000A /* InjuriesCardView.swift */; };
		B003001100000001 /* OnboardingViewModelTests.swift in Sources */ = {isa = PBXBuildFile; fileRef = B003001000000001 /* OnboardingViewModelTests.swift */; };
		B003A00100000001 /* WorkoutPlan.swift in Sources */ = {isa = PBXBuildFile; fileRef = B003A00000000001 /* WorkoutPlan.swift */; };
		B003A00100000002 /* UserProfile.swift in Sources */ = {isa = PBXBuildFile; fileRef = B003A00000000002 /* UserProfile.swift */; };
		B003A00100000003 /* PersistenceController.swift in Sources */ = {isa = PBXBuildFile; fileRef = B003A00000000003 /* PersistenceController.swift */; };
		B003A00100000004 /* WorkoutPlanRepository.swift in Sources */ = {isa = PBXBuildFile; fileRef = B003A00000000004 /* WorkoutPlanRepository.swift */; };
		B004000100000001 /* SessionRepository.swift in Sources */ = {isa = PBXBuildFile; fileRef = B004000000000001 /* SessionRepository.swift */; };
		B004001100000001 /* SessionRepositoryTests.swift in Sources */ = {isa = PBXBuildFile; fileRef = B004001000000001 /* SessionRepositoryTests.swift */; };
		B003A00100000005 /* WorkoutApp.xcdatamodeld in Sources */ = {isa = PBXBuildFile; fileRef = B003A00000000005 /* WorkoutApp.xcdatamodeld */; };
		B003A01100000001 /* WorkoutPlanDecodingTests.swift in Sources */ = {isa = PBXBuildFile; fileRef = B003A01000000001 /* WorkoutPlanDecodingTests.swift */; };
		B003A01100000002 /* PlanPromptBuilderTests.swift in Sources */ = {isa = PBXBuildFile; fileRef = B003A01000000002 /* PlanPromptBuilderTests.swift */; };
		B003A02100000001 /* PlanSSEClient.swift in Sources */ = {isa = PBXBuildFile; fileRef = B003A02000000001 /* PlanSSEClient.swift */; };
		B003A02100000002 /* PlanGenerationService.swift in Sources */ = {isa = PBXBuildFile; fileRef = B003A02000000002 /* PlanGenerationService.swift */; };
		B003A03100000001 /* WorkoutPlanParserTests.swift in Sources */ = {isa = PBXBuildFile; fileRef = B003A03000000001 /* WorkoutPlanParserTests.swift */; };
		B003A03100000002 /* WorkoutPlanServiceTests.swift in Sources */ = {isa = PBXBuildFile; fileRef = B003A03000000002 /* WorkoutPlanServiceTests.swift */; };
		B003B00100000002 /* PlanPreviewViewModel.swift in Sources */ = {isa = PBXBuildFile; fileRef = B003B00000000002 /* PlanPreviewViewModel.swift */; };
		B003B00100000003 /* PlanGenerationLoadingView.swift in Sources */ = {isa = PBXBuildFile; fileRef = B003B00000000003 /* PlanGenerationLoadingView.swift */; };
		B003B00100000004 /* PlanPreviewView.swift in Sources */ = {isa = PBXBuildFile; fileRef = B003B00000000004 /* PlanPreviewView.swift */; };
		B003B00100000005 /* WorkoutDayCardView.swift in Sources */ = {isa = PBXBuildFile; fileRef = B003B00000000005 /* WorkoutDayCardView.swift */; };
		B003B00100000006 /* ExerciseRowView.swift in Sources */ = {isa = PBXBuildFile; fileRef = B003B00000000006 /* ExerciseRowView.swift */; };
		B003B01100000001 /* PlanPreviewViewModelTests.swift in Sources */ = {isa = PBXBuildFile; fileRef = B003B01000000001 /* PlanPreviewViewModelTests.swift */; };
		B00F000100000001 /* AuthViewModel.swift in Sources */ = {isa = PBXBuildFile; fileRef = B00F000000000001 /* AuthViewModel.swift */; };
		B00F000100000002 /* SignInWithAppleButton.swift in Sources */ = {isa = PBXBuildFile; fileRef = B00F000000000002 /* SignInWithAppleButton.swift */; };
		B00F000100000003 /* PasswordResetView.swift in Sources */ = {isa = PBXBuildFile; fileRef = B00F000000000003 /* PasswordResetView.swift */; };
		B00F000100000004 /* AuthView.swift in Sources */ = {isa = PBXBuildFile; fileRef = B00F000000000004 /* AuthView.swift */; };
		B00F000100000005 /* DisclaimerView.swift in Sources */ = {isa = PBXBuildFile; fileRef = B00F000000000005 /* DisclaimerView.swift */; };
		B00F000100000006 /* MainTabView.swift in Sources */ = {isa = PBXBuildFile; fileRef = B00F000000000006 /* MainTabView.swift */; };
		B00F000100000007 /* HomeView.swift in Sources */ = {isa = PBXBuildFile; fileRef = B00F000000000007 /* HomeView.swift */; };
		B00F000100000008 /* TrainView.swift in Sources */ = {isa = PBXBuildFile; fileRef = B00F000000000008 /* TrainView.swift */; };
		B00F000100000009 /* CoachView.swift in Sources */ = {isa = PBXBuildFile; fileRef = B00F000000000009 /* CoachView.swift */; };
		B00F00010000000A /* ProfileView.swift in Sources */ = {isa = PBXBuildFile; fileRef = B00F00000000000A /* ProfileView.swift */; };
		B002000100000001 /* ExerciseDTO.swift in Sources */ = {isa = PBXBuildFile; fileRef = B002000000000001 /* ExerciseDTO.swift */; };
		B002000100000002 /* ExerciseModel.swift in Sources */ = {isa = PBXBuildFile; fileRef = B002000000000002 /* ExerciseModel.swift */; };
		B002000100000003 /* ExerciseRepository.swift in Sources */ = {isa = PBXBuildFile; fileRef = B002000000000003 /* ExerciseRepository.swift */; };
		B002000100000004 /* WorkoutApp.xcdatamodeld in Sources */ = {isa = PBXBuildFile; fileRef = B002000030000003 /* WorkoutApp.xcdatamodeld */; };
		B002001100000001 /* CoreDataStackTests.swift in Sources */ = {isa = PBXBuildFile; fileRef = B002001000000001 /* CoreDataStackTests.swift */; };
		B002001100000002 /* ExerciseRepositoryTests.swift in Sources */ = {isa = PBXBuildFile; fileRef = B002001000000002 /* ExerciseRepositoryTests.swift */; };
		B002002100000001 /* ExerciseLibraryViewModel.swift in Sources */ = {isa = PBXBuildFile; fileRef = B002002000000001 /* ExerciseLibraryViewModel.swift */; };
		B002002100000002 /* FilterChipRow.swift in Sources */ = {isa = PBXBuildFile; fileRef = B002002000000002 /* FilterChipRow.swift */; };
		B002002100000003 /* ExerciseLibraryRowView.swift in Sources */ = {isa = PBXBuildFile; fileRef = B002002000000003 /* ExerciseLibraryRowView.swift */; };
		B002002100000004 /* ExerciseLibraryView.swift in Sources */ = {isa = PBXBuildFile; fileRef = B002002000000004 /* ExerciseLibraryView.swift */; };
		B002002100000005 /* ExerciseSearchFilterTests.swift in Sources */ = {isa = PBXBuildFile; fileRef = B002002000000005 /* ExerciseSearchFilterTests.swift */; };
		B002003100000001 /* VideoPlayerView.swift in Sources */ = {isa = PBXBuildFile; fileRef = B002003000000001 /* VideoPlayerView.swift */; };
		B002003100000002 /* ExercisePlaceholderView.swift in Sources */ = {isa = PBXBuildFile; fileRef = B002003000000002 /* ExercisePlaceholderView.swift */; };
		B002003100000003 /* ExerciseDetailView.swift in Sources */ = {isa = PBXBuildFile; fileRef = B002003000000003 /* ExerciseDetailView.swift */; };
		B002003100000004 /* MuxPlayerSwift in Frameworks */ = {isa = PBXBuildFile; productRef = B002003000000004 /* MuxPlayerSwift */; };
		B002004100000001 /* ExerciseCacheManager.swift in Sources */ = {isa = PBXBuildFile; fileRef = B002004000000001 /* ExerciseCacheManager.swift */; };
		B002004100000002 /* CacheEvictionTests.swift in Sources */ = {isa = PBXBuildFile; fileRef = B002004000000002 /* CacheEvictionTests.swift */; };
		B004000100000001 /* SessionRepository.swift in Sources */ = {isa = PBXBuildFile; fileRef = B004000000000001 /* SessionRepository.swift */; };
		B004000100000002 /* SessionViewModel.swift in Sources */ = {isa = PBXBuildFile; fileRef = B004000000000002 /* SessionViewModel.swift */; };
		B004000100000003 /* SessionSyncService.swift in Sources */ = {isa = PBXBuildFile; fileRef = B004000000000003 /* SessionSyncService.swift */; };
		B004003100000001 /* RestTimerOverlay.swift in Sources */ = {isa = PBXBuildFile; fileRef = B004003000000001 /* RestTimerOverlay.swift */; };
		B004003100000002 /* SessionProgressBar.swift in Sources */ = {isa = PBXBuildFile; fileRef = B004003000000002 /* SessionProgressBar.swift */; };
		B004003100000003 /* SetLogRow.swift in Sources */ = {isa = PBXBuildFile; fileRef = B004003000000003 /* SetLogRow.swift */; };
		B004003100000004 /* ExerciseCardView.swift in Sources */ = {isa = PBXBuildFile; fileRef = B004003000000004 /* ExerciseCardView.swift */; };
		B004003100000005 /* SessionView.swift in Sources */ = {isa = PBXBuildFile; fileRef = B004003000000005 /* SessionView.swift */; };
		B004003100000006 /* SessionSummaryView.swift in Sources */ = {isa = PBXBuildFile; fileRef = B004003000000006 /* SessionSummaryView.swift */; };
		B004005100000001 /* SessionViewModelTests.swift in Sources */ = {isa = PBXBuildFile; fileRef = B004005000000001 /* SessionViewModelTests.swift */; };
		B004005100000002 /* SessionSyncServiceTests.swift in Sources */ = {isa = PBXBuildFile; fileRef = B004005000000002 /* SessionSyncServiceTests.swift */; };
		B007000100000001 /* RevenueCat in Frameworks */ = {isa = PBXBuildFile; productRef = B007000000000001 /* RevenueCat */; };
		B007000100000002 /* RevenueCatUI in Frameworks */ = {isa = PBXBuildFile; productRef = B007000000000002 /* RevenueCatUI */; };
		B007000100000003 /* RevenueCatService.swift in Sources */ = {isa = PBXBuildFile; fileRef = B007000000000003 /* RevenueCatService.swift */; };
		B007001100000001 /* RevenueCatServiceTests.swift in Sources */ = {isa = PBXBuildFile; fileRef = B007001000000001 /* RevenueCatServiceTests.swift */; };
		B007001100000002 /* EntitlementGateTests.swift in Sources */ = {isa = PBXBuildFile; fileRef = B007001000000002 /* EntitlementGateTests.swift */; };
		B007003100000001 /* CancellationRetentionView.swift in Sources */ = {isa = PBXBuildFile; fileRef = B007003000000001 /* CancellationRetentionView.swift */; };
		B007003100000002 /* PauseOptionsView.swift in Sources */ = {isa = PBXBuildFile; fileRef = B007003000000002 /* PauseOptionsView.swift */; };
		B007003100000003 /* PauseOptionsViewModel.swift in Sources */ = {isa = PBXBuildFile; fileRef = B007003000000003 /* PauseOptionsViewModel.swift */; };
		B007003100000004 /* DiscountOfferView.swift in Sources */ = {isa = PBXBuildFile; fileRef = B007003000000004 /* DiscountOfferView.swift */; };
		B007003100000005 /* DiscountOfferViewModel.swift in Sources */ = {isa = PBXBuildFile; fileRef = B007003000000005 /* DiscountOfferViewModel.swift */; };
		B007004100000001 /* RetentionFlowTests.swift in Sources */ = {isa = PBXBuildFile; fileRef = B007004000000001 /* RetentionFlowTests.swift */; };
		B007002100000001 /* PaywallViewModel.swift in Sources */ = {isa = PBXBuildFile; fileRef = B007002000000001 /* PaywallViewModel.swift */; };
		B007002100000002 /* PaywallView.swift in Sources */ = {isa = PBXBuildFile; fileRef = B007002000000002 /* PaywallView.swift */; };
		B007002100000003 /* ValuePropListView.swift in Sources */ = {isa = PBXBuildFile; fileRef = B007002000000003 /* ValuePropListView.swift */; };
		B007002100000004 /* PricingCardView.swift in Sources */ = {isa = PBXBuildFile; fileRef = B007002000000004 /* PricingCardView.swift */; };
		B007002100000005 /* BlurredPlanGateView.swift in Sources */ = {isa = PBXBuildFile; fileRef = B007002000000005 /* BlurredPlanGateView.swift */; };
		B007002100000006 /* PaywallViewModelTests.swift in Sources */ = {isa = PBXBuildFile; fileRef = B007002000000006 /* PaywallViewModelTests.swift */; };
		B005000100000001 /* ChatModels.swift in Sources */ = {isa = PBXBuildFile; fileRef = B005000000000001 /* ChatModels.swift */; };
		B005000100000002 /* CoachSSEClient.swift in Sources */ = {isa = PBXBuildFile; fileRef = B005000000000002 /* CoachSSEClient.swift */; };
		B005000100000003 /* CoachViewModel.swift in Sources */ = {isa = PBXBuildFile; fileRef = B005000000000003 /* CoachViewModel.swift */; };
		B005001100000001 /* CoachViewModelTests.swift in Sources */ = {isa = PBXBuildFile; fileRef = B005001000000001 /* CoachViewModelTests.swift */; };
		B005001100000002 /* CoachSSEClientTests.swift in Sources */ = {isa = PBXBuildFile; fileRef = B005001000000002 /* CoachSSEClientTests.swift */; };
		B005004100000001 /* ChatBubbleView.swift in Sources */ = {isa = PBXBuildFile; fileRef = B005004000000001 /* ChatBubbleView.swift */; };
		B005004100000002 /* CoachHeaderView.swift in Sources */ = {isa = PBXBuildFile; fileRef = B005004000000002 /* CoachHeaderView.swift */; };
		B005004100000003 /* ChatInputBar.swift in Sources */ = {isa = PBXBuildFile; fileRef = B005004000000003 /* ChatInputBar.swift */; };
		B005004100000004 /* StreamingCursorView.swift in Sources */ = {isa = PBXBuildFile; fileRef = B005004000000004 /* StreamingCursorView.swift */; };
		B005004100000005 /* OfflineBannerView.swift in Sources */ = {isa = PBXBuildFile; fileRef = B005004000000005 /* OfflineBannerView.swift */; };
		B005004100000006 /* ChatDateHeader.swift in Sources */ = {isa = PBXBuildFile; fileRef = B005004000000006 /* ChatDateHeader.swift */; };
		B005004100000007 /* PlanModificationCard.swift in Sources */ = {isa = PBXBuildFile; fileRef = B005004000000007 /* PlanModificationCard.swift */; };
/* End PBXBuildFile section */

/* Begin PBXContainerItemProxy section */
		B001001070000002 /* PBXContainerItemProxy */ = {
			isa = PBXContainerItemProxy;
			containerPortal = B001000080000001 /* Project object */;
			proxyType = 1;
			remoteGlobalIDString = B001000040000001;
			remoteInfo = WorkoutApp;
		};
		B001002070000002 /* PBXContainerItemProxy */ = {
			isa = PBXContainerItemProxy;
			containerPortal = B001000080000001 /* Project object */;
			proxyType = 1;
			remoteGlobalIDString = B001000040000001;
			remoteInfo = WorkoutApp;
		};
/* End PBXContainerItemProxy section */

/* Begin PBXFileReference section */
		B001000000000001 /* WorkoutApp.swift */ = {isa = PBXFileReference; lastKnownFileType = sourcecode.swift; path = WorkoutApp.swift; sourceTree = "<group>"; };
		B001000000000002 /* AppState.swift */ = {isa = PBXFileReference; lastKnownFileType = sourcecode.swift; path = AppState.swift; sourceTree = "<group>"; };
		B001000000000003 /* SupabaseClient.swift */ = {isa = PBXFileReference; lastKnownFileType = sourcecode.swift; path = SupabaseClient.swift; sourceTree = "<group>"; };
		B001000000000004 /* Assets.xcassets */ = {isa = PBXFileReference; lastKnownFileType = folder.assetcatalog; path = Assets.xcassets; sourceTree = "<group>"; };
		B001000000000005 /* Info.plist */ = {isa = PBXFileReference; lastKnownFileType = text.plist.xml; path = Info.plist; sourceTree = "<group>"; };
		B001000000000006 /* WorkoutApp.entitlements */ = {isa = PBXFileReference; lastKnownFileType = text.plist.entitlements; path = WorkoutApp.entitlements; sourceTree = "<group>"; };
		B001000000000007 /* Dev.xcconfig */ = {isa = PBXFileReference; lastKnownFileType = text.xcconfig; name = Dev.xcconfig; path = Config/Dev.xcconfig; sourceTree = "<group>"; };
		B001000000000008 /* Prod.xcconfig */ = {isa = PBXFileReference; lastKnownFileType = text.xcconfig; name = Prod.xcconfig; path = Config/Prod.xcconfig; sourceTree = "<group>"; };
		B007040000000001 /* WorkoutAppProducts.storekit */ = {isa = PBXFileReference; lastKnownFileType = com.apple.storekit.configuration; path = WorkoutAppProducts.storekit; sourceTree = "<group>"; };
		B001000000000010 /* WorkoutApp.app */ = {isa = PBXFileReference; explicitFileType = wrapper.application; includeInIndex = 0; path = WorkoutApp.app; sourceTree = BUILT_PRODUCTS_DIR; };
		B001001000000001 /* WorkoutAppTests.swift */ = {isa = PBXFileReference; lastKnownFileType = sourcecode.swift; path = WorkoutAppTests.swift; sourceTree = "<group>"; };
		B001001000000010 /* WorkoutAppTests.xctest */ = {isa = PBXFileReference; explicitFileType = wrapper.cfbundle; includeInIndex = 0; path = WorkoutAppTests.xctest; sourceTree = BUILT_PRODUCTS_DIR; };
		B001002000000001 /* WorkoutAppUITests.swift */ = {isa = PBXFileReference; lastKnownFileType = sourcecode.swift; path = WorkoutAppUITests.swift; sourceTree = "<group>"; };
		B001002000000010 /* WorkoutAppUITests.xctest */ = {isa = PBXFileReference; explicitFileType = wrapper.cfbundle; includeInIndex = 0; path = WorkoutAppUITests.xctest; sourceTree = BUILT_PRODUCTS_DIR; };
		B003000000000001 /* OnboardingViewModel.swift */ = {isa = PBXFileReference; lastKnownFileType = sourcecode.swift; path = OnboardingViewModel.swift; sourceTree = "<group>"; };
		B003000000000002 /* ChipView.swift */ = {isa = PBXFileReference; lastKnownFileType = sourcecode.swift; path = ChipView.swift; sourceTree = "<group>"; };
		B003000000000003 /* ChipGridView.swift */ = {isa = PBXFileReference; lastKnownFileType = sourcecode.swift; path = ChipGridView.swift; sourceTree = "<group>"; };
		B003000000000004 /* OnboardingProgressView.swift */ = {isa = PBXFileReference; lastKnownFileType = sourcecode.swift; path = OnboardingProgressView.swift; sourceTree = "<group>"; };
		B003000000000005 /* OnboardingView.swift */ = {isa = PBXFileReference; lastKnownFileType = sourcecode.swift; path = OnboardingView.swift; sourceTree = "<group>"; };
		B003000000000006 /* GoalCardView.swift */ = {isa = PBXFileReference; lastKnownFileType = sourcecode.swift; path = GoalCardView.swift; sourceTree = "<group>"; };
		B003000000000007 /* FitnessLevelCardView.swift */ = {isa = PBXFileReference; lastKnownFileType = sourcecode.swift; path = FitnessLevelCardView.swift; sourceTree = "<group>"; };
		B003000000000008 /* DaysPerWeekCardView.swift */ = {isa = PBXFileReference; lastKnownFileType = sourcecode.swift; path = DaysPerWeekCardView.swift; sourceTree = "<group>"; };
		B003000000000009 /* EquipmentCardView.swift */ = {isa = PBXFileReference; lastKnownFileType = sourcecode.swift; path = EquipmentCardView.swift; sourceTree = "<group>"; };
		B00300000000000A /* InjuriesCardView.swift */ = {isa = PBXFileReference; lastKnownFileType = sourcecode.swift; path = InjuriesCardView.swift; sourceTree = "<group>"; };
		B003001000000001 /* OnboardingViewModelTests.swift */ = {isa = PBXFileReference; lastKnownFileType = sourcecode.swift; path = OnboardingViewModelTests.swift; sourceTree = "<group>"; };
		B003A00000000001 /* WorkoutPlan.swift */ = {isa = PBXFileReference; lastKnownFileType = sourcecode.swift; path = WorkoutPlan.swift; sourceTree = "<group>"; };
		B003A00000000002 /* UserProfile.swift */ = {isa = PBXFileReference; lastKnownFileType = sourcecode.swift; path = UserProfile.swift; sourceTree = "<group>"; };
		B003A00000000003 /* PersistenceController.swift */ = {isa = PBXFileReference; lastKnownFileType = sourcecode.swift; path = PersistenceController.swift; sourceTree = "<group>"; };
		B003A00000000004 /* WorkoutPlanRepository.swift */ = {isa = PBXFileReference; lastKnownFileType = sourcecode.swift; path = WorkoutPlanRepository.swift; sourceTree = "<group>"; };
		B004000000000001 /* SessionRepository.swift */ = {isa = PBXFileReference; lastKnownFileType = sourcecode.swift; path = SessionRepository.swift; sourceTree = "<group>"; };
		B004001000000001 /* SessionRepositoryTests.swift */ = {isa = PBXFileReference; lastKnownFileType = sourcecode.swift; path = SessionRepositoryTests.swift; sourceTree = "<group>"; };
		B003A00000000005 /* WorkoutApp.xcdatamodeld */ = {isa = PBXFileReference; lastKnownFileType = wrapper.xcdatamodeld; path = WorkoutApp.xcdatamodeld; sourceTree = "<group>"; };
		B003A01000000001 /* WorkoutPlanDecodingTests.swift */ = {isa = PBXFileReference; lastKnownFileType = sourcecode.swift; path = WorkoutPlanDecodingTests.swift; sourceTree = "<group>"; };
		B003A01000000002 /* PlanPromptBuilderTests.swift */ = {isa = PBXFileReference; lastKnownFileType = sourcecode.swift; path = PlanPromptBuilderTests.swift; sourceTree = "<group>"; };
		B003A02000000001 /* PlanSSEClient.swift */ = {isa = PBXFileReference; lastKnownFileType = sourcecode.swift; path = PlanSSEClient.swift; sourceTree = "<group>"; };
		B003A02000000002 /* PlanGenerationService.swift */ = {isa = PBXFileReference; lastKnownFileType = sourcecode.swift; path = PlanGenerationService.swift; sourceTree = "<group>"; };
		B003A03000000001 /* WorkoutPlanParserTests.swift */ = {isa = PBXFileReference; lastKnownFileType = sourcecode.swift; path = WorkoutPlanParserTests.swift; sourceTree = "<group>"; };
		B003A03000000002 /* WorkoutPlanServiceTests.swift */ = {isa = PBXFileReference; lastKnownFileType = sourcecode.swift; path = WorkoutPlanServiceTests.swift; sourceTree = "<group>"; };
		B003B00000000002 /* PlanPreviewViewModel.swift */ = {isa = PBXFileReference; lastKnownFileType = sourcecode.swift; path = PlanPreviewViewModel.swift; sourceTree = "<group>"; };
		B003B00000000003 /* PlanGenerationLoadingView.swift */ = {isa = PBXFileReference; lastKnownFileType = sourcecode.swift; path = PlanGenerationLoadingView.swift; sourceTree = "<group>"; };
		B003B00000000004 /* PlanPreviewView.swift */ = {isa = PBXFileReference; lastKnownFileType = sourcecode.swift; path = PlanPreviewView.swift; sourceTree = "<group>"; };
		B003B00000000005 /* WorkoutDayCardView.swift */ = {isa = PBXFileReference; lastKnownFileType = sourcecode.swift; path = WorkoutDayCardView.swift; sourceTree = "<group>"; };
		B003B00000000006 /* ExerciseRowView.swift */ = {isa = PBXFileReference; lastKnownFileType = sourcecode.swift; path = ExerciseRowView.swift; sourceTree = "<group>"; };
		B003B01000000001 /* PlanPreviewViewModelTests.swift */ = {isa = PBXFileReference; lastKnownFileType = sourcecode.swift; path = PlanPreviewViewModelTests.swift; sourceTree = "<group>"; };
		B00F000000000001 /* AuthViewModel.swift */ = {isa = PBXFileReference; lastKnownFileType = sourcecode.swift; path = AuthViewModel.swift; sourceTree = "<group>"; };
		B00F000000000002 /* SignInWithAppleButton.swift */ = {isa = PBXFileReference; lastKnownFileType = sourcecode.swift; path = SignInWithAppleButton.swift; sourceTree = "<group>"; };
		B00F000000000003 /* PasswordResetView.swift */ = {isa = PBXFileReference; lastKnownFileType = sourcecode.swift; path = PasswordResetView.swift; sourceTree = "<group>"; };
		B00F000000000004 /* AuthView.swift */ = {isa = PBXFileReference; lastKnownFileType = sourcecode.swift; path = AuthView.swift; sourceTree = "<group>"; };
		B00F000000000005 /* DisclaimerView.swift */ = {isa = PBXFileReference; lastKnownFileType = sourcecode.swift; path = DisclaimerView.swift; sourceTree = "<group>"; };
		B00F000000000006 /* MainTabView.swift */ = {isa = PBXFileReference; lastKnownFileType = sourcecode.swift; path = MainTabView.swift; sourceTree = "<group>"; };
		B00F000000000007 /* HomeView.swift */ = {isa = PBXFileReference; lastKnownFileType = sourcecode.swift; path = HomeView.swift; sourceTree = "<group>"; };
		B00F000000000008 /* TrainView.swift */ = {isa = PBXFileReference; lastKnownFileType = sourcecode.swift; path = TrainView.swift; sourceTree = "<group>"; };
		B00F000000000009 /* CoachView.swift */ = {isa = PBXFileReference; lastKnownFileType = sourcecode.swift; path = CoachView.swift; sourceTree = "<group>"; };
		B00F00000000000A /* ProfileView.swift */ = {isa = PBXFileReference; lastKnownFileType = sourcecode.swift; path = ProfileView.swift; sourceTree = "<group>"; };
		B002000000000001 /* ExerciseDTO.swift */ = {isa = PBXFileReference; lastKnownFileType = sourcecode.swift; path = ExerciseDTO.swift; sourceTree = "<group>"; };
		B002000000000002 /* ExerciseModel.swift */ = {isa = PBXFileReference; lastKnownFileType = sourcecode.swift; path = ExerciseModel.swift; sourceTree = "<group>"; };
		B002000000000003 /* ExerciseRepository.swift */ = {isa = PBXFileReference; lastKnownFileType = sourcecode.swift; path = ExerciseRepository.swift; sourceTree = "<group>"; };
		B002000030000003 /* WorkoutApp.xcdatamodeld */ = {isa = PBXFileReference; lastKnownFileType = wrapper.xcdatamodeld; path = WorkoutApp.xcdatamodeld; sourceTree = "<group>"; };
		B002001000000001 /* CoreDataStackTests.swift */ = {isa = PBXFileReference; lastKnownFileType = sourcecode.swift; path = CoreDataStackTests.swift; sourceTree = "<group>"; };
		B002001000000002 /* ExerciseRepositoryTests.swift */ = {isa = PBXFileReference; lastKnownFileType = sourcecode.swift; path = ExerciseRepositoryTests.swift; sourceTree = "<group>"; };
		B002002000000001 /* ExerciseLibraryViewModel.swift */ = {isa = PBXFileReference; lastKnownFileType = sourcecode.swift; path = ExerciseLibraryViewModel.swift; sourceTree = "<group>"; };
		B002002000000002 /* FilterChipRow.swift */ = {isa = PBXFileReference; lastKnownFileType = sourcecode.swift; path = FilterChipRow.swift; sourceTree = "<group>"; };
		B002002000000003 /* ExerciseLibraryRowView.swift */ = {isa = PBXFileReference; lastKnownFileType = sourcecode.swift; path = ExerciseLibraryRowView.swift; sourceTree = "<group>"; };
		B002002000000004 /* ExerciseLibraryView.swift */ = {isa = PBXFileReference; lastKnownFileType = sourcecode.swift; path = ExerciseLibraryView.swift; sourceTree = "<group>"; };
		B002002000000005 /* ExerciseSearchFilterTests.swift */ = {isa = PBXFileReference; lastKnownFileType = sourcecode.swift; path = ExerciseSearchFilterTests.swift; sourceTree = "<group>"; };
		B002003000000001 /* VideoPlayerView.swift */ = {isa = PBXFileReference; lastKnownFileType = sourcecode.swift; path = VideoPlayerView.swift; sourceTree = "<group>"; };
		B002003000000002 /* ExercisePlaceholderView.swift */ = {isa = PBXFileReference; lastKnownFileType = sourcecode.swift; path = ExercisePlaceholderView.swift; sourceTree = "<group>"; };
		B002003000000003 /* ExerciseDetailView.swift */ = {isa = PBXFileReference; lastKnownFileType = sourcecode.swift; path = ExerciseDetailView.swift; sourceTree = "<group>"; };
		B002004000000001 /* ExerciseCacheManager.swift */ = {isa = PBXFileReference; lastKnownFileType = sourcecode.swift; path = ExerciseCacheManager.swift; sourceTree = "<group>"; };
		B002004000000002 /* CacheEvictionTests.swift */ = {isa = PBXFileReference; lastKnownFileType = sourcecode.swift; path = CacheEvictionTests.swift; sourceTree = "<group>"; };
		B004000000000001 /* SessionRepository.swift */ = {isa = PBXFileReference; lastKnownFileType = sourcecode.swift; path = SessionRepository.swift; sourceTree = "<group>"; };
		B004000000000002 /* SessionViewModel.swift */ = {isa = PBXFileReference; lastKnownFileType = sourcecode.swift; path = SessionViewModel.swift; sourceTree = "<group>"; };
		B004000000000003 /* SessionSyncService.swift */ = {isa = PBXFileReference; lastKnownFileType = sourcecode.swift; path = SessionSyncService.swift; sourceTree = "<group>"; };
		B004003000000001 /* RestTimerOverlay.swift */ = {isa = PBXFileReference; lastKnownFileType = sourcecode.swift; path = RestTimerOverlay.swift; sourceTree = "<group>"; };
		B004003000000002 /* SessionProgressBar.swift */ = {isa = PBXFileReference; lastKnownFileType = sourcecode.swift; path = SessionProgressBar.swift; sourceTree = "<group>"; };
		B004003000000003 /* SetLogRow.swift */ = {isa = PBXFileReference; lastKnownFileType = sourcecode.swift; path = SetLogRow.swift; sourceTree = "<group>"; };
		B004003000000004 /* ExerciseCardView.swift */ = {isa = PBXFileReference; lastKnownFileType = sourcecode.swift; path = ExerciseCardView.swift; sourceTree = "<group>"; };
		B004003000000005 /* SessionView.swift */ = {isa = PBXFileReference; lastKnownFileType = sourcecode.swift; path = SessionView.swift; sourceTree = "<group>"; };
		B004003000000006 /* SessionSummaryView.swift */ = {isa = PBXFileReference; lastKnownFileType = sourcecode.swift; path = SessionSummaryView.swift; sourceTree = "<group>"; };
		B004005000000001 /* SessionViewModelTests.swift */ = {isa = PBXFileReference; lastKnownFileType = sourcecode.swift; path = SessionViewModelTests.swift; sourceTree = "<group>"; };
		B004005000000002 /* SessionSyncServiceTests.swift */ = {isa = PBXFileReference; lastKnownFileType = sourcecode.swift; path = SessionSyncServiceTests.swift; sourceTree = "<group>"; };
		B007000000000003 /* RevenueCatService.swift */ = {isa = PBXFileReference; lastKnownFileType = sourcecode.swift; path = RevenueCatService.swift; sourceTree = "<group>"; };
		B007001000000001 /* RevenueCatServiceTests.swift */ = {isa = PBXFileReference; lastKnownFileType = sourcecode.swift; path = RevenueCatServiceTests.swift; sourceTree = "<group>"; };
		B007001000000002 /* EntitlementGateTests.swift */ = {isa = PBXFileReference; lastKnownFileType = sourcecode.swift; path = EntitlementGateTests.swift; sourceTree = "<group>"; };
		B007003000000001 /* CancellationRetentionView.swift */ = {isa = PBXFileReference; lastKnownFileType = sourcecode.swift; path = CancellationRetentionView.swift; sourceTree = "<group>"; };
		B007003000000002 /* PauseOptionsView.swift */ = {isa = PBXFileReference; lastKnownFileType = sourcecode.swift; path = PauseOptionsView.swift; sourceTree = "<group>"; };
		B007003000000003 /* PauseOptionsViewModel.swift */ = {isa = PBXFileReference; lastKnownFileType = sourcecode.swift; path = PauseOptionsViewModel.swift; sourceTree = "<group>"; };
		B007003000000004 /* DiscountOfferView.swift */ = {isa = PBXFileReference; lastKnownFileType = sourcecode.swift; path = DiscountOfferView.swift; sourceTree = "<group>"; };
		B007003000000005 /* DiscountOfferViewModel.swift */ = {isa = PBXFileReference; lastKnownFileType = sourcecode.swift; path = DiscountOfferViewModel.swift; sourceTree = "<group>"; };
		B007004000000001 /* RetentionFlowTests.swift */ = {isa = PBXFileReference; lastKnownFileType = sourcecode.swift; path = RetentionFlowTests.swift; sourceTree = "<group>"; };
		B007002000000001 /* PaywallViewModel.swift */ = {isa = PBXFileReference; lastKnownFileType = sourcecode.swift; path = PaywallViewModel.swift; sourceTree = "<group>"; };
		B007002000000002 /* PaywallView.swift */ = {isa = PBXFileReference; lastKnownFileType = sourcecode.swift; path = PaywallView.swift; sourceTree = "<group>"; };
		B007002000000003 /* ValuePropListView.swift */ = {isa = PBXFileReference; lastKnownFileType = sourcecode.swift; path = ValuePropListView.swift; sourceTree = "<group>"; };
		B007002000000004 /* PricingCardView.swift */ = {isa = PBXFileReference; lastKnownFileType = sourcecode.swift; path = PricingCardView.swift; sourceTree = "<group>"; };
		B007002000000005 /* BlurredPlanGateView.swift */ = {isa = PBXFileReference; lastKnownFileType = sourcecode.swift; path = BlurredPlanGateView.swift; sourceTree = "<group>"; };
		B007002000000006 /* PaywallViewModelTests.swift */ = {isa = PBXFileReference; lastKnownFileType = sourcecode.swift; path = PaywallViewModelTests.swift; sourceTree = "<group>"; };
		B005000000000001 /* ChatModels.swift */ = {isa = PBXFileReference; lastKnownFileType = sourcecode.swift; path = ChatModels.swift; sourceTree = "<group>"; };
		B005000000000002 /* CoachSSEClient.swift */ = {isa = PBXFileReference; lastKnownFileType = sourcecode.swift; path = CoachSSEClient.swift; sourceTree = "<group>"; };
		B005000000000003 /* CoachViewModel.swift */ = {isa = PBXFileReference; lastKnownFileType = sourcecode.swift; path = CoachViewModel.swift; sourceTree = "<group>"; };
		B005001000000001 /* CoachViewModelTests.swift */ = {isa = PBXFileReference; lastKnownFileType = sourcecode.swift; path = CoachViewModelTests.swift; sourceTree = "<group>"; };
		B005001000000002 /* CoachSSEClientTests.swift */ = {isa = PBXFileReference; lastKnownFileType = sourcecode.swift; path = CoachSSEClientTests.swift; sourceTree = "<group>"; };
		B005004000000001 /* ChatBubbleView.swift */ = {isa = PBXFileReference; lastKnownFileType = sourcecode.swift; path = ChatBubbleView.swift; sourceTree = "<group>"; };
		B005004000000002 /* CoachHeaderView.swift */ = {isa = PBXFileReference; lastKnownFileType = sourcecode.swift; path = CoachHeaderView.swift; sourceTree = "<group>"; };
		B005004000000003 /* ChatInputBar.swift */ = {isa = PBXFileReference; lastKnownFileType = sourcecode.swift; path = ChatInputBar.swift; sourceTree = "<group>"; };
		B005004000000004 /* StreamingCursorView.swift */ = {isa = PBXFileReference; lastKnownFileType = sourcecode.swift; path = StreamingCursorView.swift; sourceTree = "<group>"; };
		B005004000000005 /* OfflineBannerView.swift */ = {isa = PBXFileReference; lastKnownFileType = sourcecode.swift; path = OfflineBannerView.swift; sourceTree = "<group>"; };
		B005004000000006 /* ChatDateHeader.swift */ = {isa = PBXFileReference; lastKnownFileType = sourcecode.swift; path = ChatDateHeader.swift; sourceTree = "<group>"; };
		B005004000000007 /* PlanModificationCard.swift */ = {isa = PBXFileReference; lastKnownFileType = sourcecode.swift; path = PlanModificationCard.swift; sourceTree = "<group>"; };
/* End PBXFileReference section */

/* Begin PBXFrameworksBuildPhase section */
		B001000020000001 /* Frameworks */ = {
			isa = PBXFrameworksBuildPhase;
			buildActionMask = 2147483647;
			files = (
				B001003100000001 /* Supabase in Frameworks */,
				B001003100000002 /* KeychainAccess in Frameworks */,
				B002003100000004 /* MuxPlayerSwift in Frameworks */,
				B007000100000001 /* RevenueCat in Frameworks */,
				B007000100000002 /* RevenueCatUI in Frameworks */,
			);
			runOnlyForDeploymentPostprocessing = 0;
		};
		B001001020000001 /* Frameworks */ = {
			isa = PBXFrameworksBuildPhase;
			buildActionMask = 2147483647;
			files = (
			);
			runOnlyForDeploymentPostprocessing = 0;
		};
		B001002020000001 /* Frameworks */ = {
			isa = PBXFrameworksBuildPhase;
			buildActionMask = 2147483647;
			files = (
			);
			runOnlyForDeploymentPostprocessing = 0;
		};
/* End PBXFrameworksBuildPhase section */

/* Begin PBXGroup section */
		B001000030000000 = {
			isa = PBXGroup;
			children = (
				B001000030000001 /* WorkoutApp */,
				B001000030000003 /* Config */,
				B001001030000001 /* WorkoutAppTests */,
				B001002030000001 /* WorkoutAppUITests */,
				B001000030000010 /* Products */,
			);
			sourceTree = "<group>";
		};
		B001000030000001 /* WorkoutApp */ = {
			isa = PBXGroup;
			children = (
				B001000000000001 /* WorkoutApp.swift */,
				B001000030000002 /* Core */,
				B002000030000001 /* Models */,
				B00F000030000001 /* Features */,
				B007040030000001 /* Configuration */,
				B001000000000004 /* Assets.xcassets */,
				B001000000000005 /* Info.plist */,
				B001000000000006 /* WorkoutApp.entitlements */,
			);
			path = WorkoutApp;
			sourceTree = "<group>";
		};
		B007040030000001 /* Configuration */ = {
			isa = PBXGroup;
			children = (
				B007040000000001 /* WorkoutAppProducts.storekit */,
			);
			path = Configuration;
			sourceTree = "<group>";
		};
		B001000030000002 /* Core */ = {
			isa = PBXGroup;
			children = (
				B001000000000002 /* AppState.swift */,
				B001000000000003 /* SupabaseClient.swift */,
				B007000000000003 /* RevenueCatService.swift */,
				B002000030000002 /* Data */,
				B002004030000001 /* Cache */,
				B003000030000002 /* Components */,
				B004000030000002 /* Sync */,
			);
			path = Core;
			sourceTree = "<group>";
		};
		B002004030000001 /* Cache */ = {
			isa = PBXGroup;
			children = (
				B002004000000001 /* ExerciseCacheManager.swift */,
			);
			path = Cache;
			sourceTree = "<group>";
		};
		B001000030000003 /* Config */ = {
			isa = PBXGroup;
			children = (
				B001000000000007 /* Dev.xcconfig */,
				B001000000000008 /* Prod.xcconfig */,
			);
			name = Config;
			sourceTree = "<group>";
		};
		B001000030000010 /* Products */ = {
			isa = PBXGroup;
			children = (
				B001000000000010 /* WorkoutApp.app */,
				B001001000000010 /* WorkoutAppTests.xctest */,
				B001002000000010 /* WorkoutAppUITests.xctest */,
			);
			name = Products;
			sourceTree = "<group>";
		};
		B001001030000001 /* WorkoutAppTests */ = {
			isa = PBXGroup;
			children = (
				B001001000000001 /* WorkoutAppTests.swift */,
				B003001000000001 /* OnboardingViewModelTests.swift */,
				B003A01000000001 /* WorkoutPlanDecodingTests.swift */,
				B003A01000000002 /* PlanPromptBuilderTests.swift */,
				B003A03000000001 /* WorkoutPlanParserTests.swift */,
				B003A03000000002 /* WorkoutPlanServiceTests.swift */,
				B003B01000000001 /* PlanPreviewViewModelTests.swift */,
				B002001000000001 /* CoreDataStackTests.swift */,
				B002001000000002 /* ExerciseRepositoryTests.swift */,
				B002002000000005 /* ExerciseSearchFilterTests.swift */,
				B002004000000002 /* CacheEvictionTests.swift */,
				B004001000000001 /* SessionRepositoryTests.swift */,
				B004005000000001 /* SessionViewModelTests.swift */,
				B004005000000002 /* SessionSyncServiceTests.swift */,
				B007001000000001 /* RevenueCatServiceTests.swift */,
				B007001000000002 /* EntitlementGateTests.swift */,
				B007004000000001 /* RetentionFlowTests.swift */,
				B007002000000006 /* PaywallViewModelTests.swift */,
				B005001000000001 /* CoachViewModelTests.swift */,
				B005001000000002 /* CoachSSEClientTests.swift */,
			);
			path = WorkoutAppTests;
			sourceTree = "<group>";
		};
		B001002030000001 /* WorkoutAppUITests */ = {
			isa = PBXGroup;
			children = (
				B001002000000001 /* WorkoutAppUITests.swift */,
			);
			path = WorkoutAppUITests;
			sourceTree = "<group>";
		};
		B003000030000001 /* Onboarding */ = {
			isa = PBXGroup;
			children = (
				B003000000000001 /* OnboardingViewModel.swift */,
				B003000000000005 /* OnboardingView.swift */,
				B003000030000003 /* Cards */,
			);
			path = Onboarding;
			sourceTree = "<group>";
		};
		B003000030000002 /* Components */ = {
			isa = PBXGroup;
			children = (
				B003000000000002 /* ChipView.swift */,
				B003000000000003 /* ChipGridView.swift */,
				B003000000000004 /* OnboardingProgressView.swift */,
			);
			path = Components;
			sourceTree = "<group>";
		};
		B003000030000003 /* Cards */ = {
			isa = PBXGroup;
			children = (
				B003000000000006 /* GoalCardView.swift */,
				B003000000000007 /* FitnessLevelCardView.swift */,
				B003000000000008 /* DaysPerWeekCardView.swift */,
				B003000000000009 /* EquipmentCardView.swift */,
				B00300000000000A /* InjuriesCardView.swift */,
			);
			path = Cards;
			sourceTree = "<group>";
		};
		B003A00030000001 /* Models */ = {
			isa = PBXGroup;
			children = (
				B003A00000000001 /* WorkoutPlan.swift */,
				B003A00000000002 /* UserProfile.swift */,
			);
			path = Models;
			sourceTree = "<group>";
		};
		B003A00030000002 /* CoreData */ = {
			isa = PBXGroup;
			children = (
				B003A00000000004 /* WorkoutPlanRepository.swift */,
				B004000000000001 /* SessionRepository.swift */,
			);
			path = CoreData;
			sourceTree = "<group>";
		};
		B004000030000001 /* Session */ = {
			isa = PBXGroup;
			children = (
				B004000000000002 /* SessionViewModel.swift */,
				B004003000000005 /* SessionView.swift */,
				B004003030000001 /* Components */,
			);
			path = Session;
			sourceTree = "<group>";
		};
		B004003030000001 /* Components */ = {
			isa = PBXGroup;
			children = (
				B004003000000001 /* RestTimerOverlay.swift */,
				B004003000000002 /* SessionProgressBar.swift */,
				B004003000000003 /* SetLogRow.swift */,
				B004003000000004 /* ExerciseCardView.swift */,
				B004003000000006 /* SessionSummaryView.swift */,
			);
			path = Components;
			sourceTree = "<group>";
		};
		B004000030000002 /* Sync */ = {
			isa = PBXGroup;
			children = (
				B004000000000003 /* SessionSyncService.swift */,
			);
			path = Sync;
			sourceTree = "<group>";
		};
		B002000030000001 /* Models */ = {
			isa = PBXGroup;
			children = (
				B002000000000001 /* ExerciseDTO.swift */,
				B002000000000002 /* ExerciseModel.swift */,
			);
			path = Models;
			sourceTree = "<group>";
		};
		B002000030000002 /* Data */ = {
			isa = PBXGroup;
			children = (
				B003A00000000003 /* PersistenceController.swift */,
				B002000000000003 /* ExerciseRepository.swift */,
				B002000030000003 /* WorkoutApp.xcdatamodeld */,
			);
			path = Data;
			sourceTree = "<group>";
		};
		B003A02030000001 /* PlanPreview */ = {
			isa = PBXGroup;
			children = (
				B003A02030000002 /* SSE */,
				B003A02000000002 /* PlanGenerationService.swift */,
			);
			path = PlanPreview;
			sourceTree = "<group>";
		};
		B003A02030000002 /* SSE */ = {
			isa = PBXGroup;
			children = (
				B003A02000000001 /* PlanSSEClient.swift */,
			);
			path = SSE;
			sourceTree = "<group>";
		};
		B00F000030000001 /* Features */ = {
			isa = PBXGroup;
			children = (
				B00F000030000002 /* Auth */,
				B00F000030000003 /* Disclaimer */,
				B00F000030000004 /* Main */,
				B003000030000001 /* Onboarding */,
				B003B00030000001 /* PlanPreview */,
				B003A00030000001 /* Models */,
				B003A00030000002 /* CoreData */,
				B003A02030000001 /* PlanPreview */,
				B002002030000001 /* Train */,
				B004000030000001 /* Session */,
				B007003030000001 /* Paywall */,
				B005000030000001 /* Coach */,
			);
			path = Features;
			sourceTree = "<group>";
		};
		B002002030000001 /* Train */ = {
			isa = PBXGroup;
			children = (
				B002002000000001 /* ExerciseLibraryViewModel.swift */,
				B002002000000002 /* FilterChipRow.swift */,
				B002002000000003 /* ExerciseLibraryRowView.swift */,
				B002002000000004 /* ExerciseLibraryView.swift */,
				B002003000000001 /* VideoPlayerView.swift */,
				B002003000000002 /* ExercisePlaceholderView.swift */,
				B002003000000003 /* ExerciseDetailView.swift */,
			);
			path = Train;
			sourceTree = "<group>";
		};
		B003B00030000001 /* PlanPreview */ = {
			isa = PBXGroup;
			children = (
				B003A02000000002 /* PlanGenerationService.swift */,
				B003B00000000002 /* PlanPreviewViewModel.swift */,
				B003B00000000003 /* PlanGenerationLoadingView.swift */,
				B003B00000000004 /* PlanPreviewView.swift */,
				B003B00030000002 /* Components */,
			);
			path = PlanPreview;
			sourceTree = "<group>";
		};
		B003B00030000002 /* Components */ = {
			isa = PBXGroup;
			children = (
				B003B00000000005 /* WorkoutDayCardView.swift */,
				B003B00000000006 /* ExerciseRowView.swift */,
			);
			path = Components;
			sourceTree = "<group>";
		};
		B00F000030000002 /* Auth */ = {
			isa = PBXGroup;
			children = (
				B00F000000000001 /* AuthViewModel.swift */,
				B00F000000000002 /* SignInWithAppleButton.swift */,
				B00F000000000003 /* PasswordResetView.swift */,
				B00F000000000004 /* AuthView.swift */,
			);
			path = Auth;
			sourceTree = "<group>";
		};
		B00F000030000003 /* Disclaimer */ = {
			isa = PBXGroup;
			children = (
				B00F000000000005 /* DisclaimerView.swift */,
			);
			path = Disclaimer;
			sourceTree = "<group>";
		};
		B00F000030000004 /* Main */ = {
			isa = PBXGroup;
			children = (
				B00F000000000006 /* MainTabView.swift */,
				B00F000030000005 /* Tabs */,
			);
			path = Main;
			sourceTree = "<group>";
		};
		B00F000030000005 /* Tabs */ = {
			isa = PBXGroup;
			children = (
				B00F000000000007 /* HomeView.swift */,
				B00F000000000008 /* TrainView.swift */,
				B00F000000000009 /* CoachView.swift */,
				B00F00000000000A /* ProfileView.swift */,
			);
			path = Tabs;
			sourceTree = "<group>";
		};
		B007003030000001 /* Paywall */ = {
			isa = PBXGroup;
			children = (
				B007002000000001 /* PaywallViewModel.swift */,
				B007002000000002 /* PaywallView.swift */,
				B007002030000001 /* Components */,
				B007003030000002 /* Retention */,
			);
			path = Paywall;
			sourceTree = "<group>";
		};
		B007002030000001 /* Components */ = {
			isa = PBXGroup;
			children = (
				B007002000000003 /* ValuePropListView.swift */,
				B007002000000004 /* PricingCardView.swift */,
				B007002000000005 /* BlurredPlanGateView.swift */,
			);
			path = Components;
			sourceTree = "<group>";
		};
		B007003030000002 /* Retention */ = {
			isa = PBXGroup;
			children = (
				B007003000000001 /* CancellationRetentionView.swift */,
				B007003000000002 /* PauseOptionsView.swift */,
				B007003000000003 /* PauseOptionsViewModel.swift */,
				B007003000000004 /* DiscountOfferView.swift */,
				B007003000000005 /* DiscountOfferViewModel.swift */,
			);
			path = Retention;
			sourceTree = "<group>";
		};
		B005000030000001 /* Coach */ = {
			isa = PBXGroup;
			children = (
				B005000030000002 /* Models */,
				B005000030000003 /* SSE */,
				B005004030000001 /* Components */,
				B005000000000003 /* CoachViewModel.swift */,
			);
			path = Coach;
			sourceTree = "<group>";
		};
		B005004030000001 /* Components */ = {
			isa = PBXGroup;
			children = (
				B005004000000001 /* ChatBubbleView.swift */,
				B005004000000002 /* CoachHeaderView.swift */,
				B005004000000003 /* ChatInputBar.swift */,
				B005004000000004 /* StreamingCursorView.swift */,
				B005004000000005 /* OfflineBannerView.swift */,
				B005004000000006 /* ChatDateHeader.swift */,
				B005004000000007 /* PlanModificationCard.swift */,
			);
			path = Components;
			sourceTree = "<group>";
		};
		B005000030000002 /* Models */ = {
			isa = PBXGroup;
			children = (
				B005000000000001 /* ChatModels.swift */,
			);
			path = Models;
			sourceTree = "<group>";
		};
		B005000030000003 /* SSE */ = {
			isa = PBXGroup;
			children = (
				B005000000000002 /* CoachSSEClient.swift */,
			);
			path = SSE;
			sourceTree = "<group>";
		};
/* End PBXGroup section */

/* Begin PBXNativeTarget section */
		B001000040000001 /* WorkoutApp */ = {
			isa = PBXNativeTarget;
			buildConfigurationList = B001000050000001 /* Build configuration list for PBXNativeTarget "WorkoutApp" */;
			buildPhases = (
				B001000010000001 /* Sources */,
				B001000020000001 /* Frameworks */,
				B001000060000001 /* Resources */,
			);
			buildRules = (
			);
			dependencies = (
			);
			name = WorkoutApp;
			packageProductDependencies = (
				B001003000000001 /* Supabase */,
				B001003000000002 /* KeychainAccess */,
				B002003000000004 /* MuxPlayerSwift */,
				B007000000000001 /* RevenueCat */,
				B007000000000002 /* RevenueCatUI */,
			);
			productName = WorkoutApp;
			productReference = B001000000000010 /* WorkoutApp.app */;
			productType = "com.apple.product-type.application";
		};
		B001001040000001 /* WorkoutAppTests */ = {
			isa = PBXNativeTarget;
			buildConfigurationList = B001001050000001 /* Build configuration list for PBXNativeTarget "WorkoutAppTests" */;
			buildPhases = (
				B001001010000001 /* Sources */,
				B001001020000001 /* Frameworks */,
			);
			buildRules = (
			);
			dependencies = (
				B001001070000001 /* PBXTargetDependency */,
			);
			name = WorkoutAppTests;
			productName = WorkoutAppTests;
			productReference = B001001000000010 /* WorkoutAppTests.xctest */;
			productType = "com.apple.product-type.bundle.unit-test";
		};
		B001002040000001 /* WorkoutAppUITests */ = {
			isa = PBXNativeTarget;
			buildConfigurationList = B001002050000001 /* Build configuration list for PBXNativeTarget "WorkoutAppUITests" */;
			buildPhases = (
				B001002010000001 /* Sources */,
				B001002020000001 /* Frameworks */,
			);
			buildRules = (
			);
			dependencies = (
				B001002070000001 /* PBXTargetDependency */,
			);
			name = WorkoutAppUITests;
			productName = WorkoutAppUITests;
			productReference = B001002000000010 /* WorkoutAppUITests.xctest */;
			productType = "com.apple.product-type.bundle.ui-testing";
		};
/* End PBXNativeTarget section */

/* Begin PBXProject section */
		B001000080000001 /* Project object */ = {
			isa = PBXProject;
			attributes = {
				BuildIndependentTargetsInParallel = 1;
				LastSwiftUpdateCheck = 1630;
				LastUpgradeCheck = 1630;
				TargetAttributes = {
					B001000040000001 = {
						CreatedOnToolsVersion = 16.3;
					};
					B001001040000001 = {
						CreatedOnToolsVersion = 16.3;
						TestTargetID = B001000040000001;
					};
					B001002040000001 = {
						CreatedOnToolsVersion = 16.3;
						TestTargetID = B001000040000001;
					};
				};
			};
			buildConfigurationList = B001000050000000 /* Build configuration list for PBXProject "WorkoutApp" */;
			compatibilityVersion = "Xcode 14.0";
			developmentRegion = en;
			hasScannedForEncodings = 0;
			knownRegions = (
				en,
				Base,
			);
			mainGroup = B001000030000000;
			packageReferences = (
				B001003090000001 /* XCRemoteSwiftPackageReference "supabase-swift" */,
				B001003090000002 /* XCRemoteSwiftPackageReference "KeychainAccess" */,
				B002003090000001 /* XCRemoteSwiftPackageReference "mux-player-swift" */,
				B007000090000001 /* XCRemoteSwiftPackageReference "purchases-ios" */,
			);
			productRefGroup = B001000030000010 /* Products */;
			projectDirPath = "";
			projectRoot = "";
			targets = (
				B001000040000001 /* WorkoutApp */,
				B001001040000001 /* WorkoutAppTests */,
				B001002040000001 /* WorkoutAppUITests */,
			);
		};
/* End PBXProject section */

/* Begin PBXResourcesBuildPhase section */
		B001000060000001 /* Resources */ = {
			isa = PBXResourcesBuildPhase;
			buildActionMask = 2147483647;
			files = (
				B001000100000004 /* Assets.xcassets in Resources */,
			);
			runOnlyForDeploymentPostprocessing = 0;
		};
/* End PBXResourcesBuildPhase section */

/* Begin PBXSourcesBuildPhase section */
		B001000010000001 /* Sources */ = {
			isa = PBXSourcesBuildPhase;
			buildActionMask = 2147483647;
			files = (
				B001000100000001 /* WorkoutApp.swift in Sources */,
				B001000100000002 /* AppState.swift in Sources */,
				B001000100000003 /* SupabaseClient.swift in Sources */,
				B00F000100000001 /* AuthViewModel.swift in Sources */,
				B00F000100000002 /* SignInWithAppleButton.swift in Sources */,
				B00F000100000003 /* PasswordResetView.swift in Sources */,
				B00F000100000004 /* AuthView.swift in Sources */,
				B00F000100000005 /* DisclaimerView.swift in Sources */,
				B00F000100000006 /* MainTabView.swift in Sources */,
				B00F000100000007 /* HomeView.swift in Sources */,
				B00F000100000008 /* TrainView.swift in Sources */,
				B00F000100000009 /* CoachView.swift in Sources */,
				B00F00010000000A /* ProfileView.swift in Sources */,
				B003000100000001 /* OnboardingViewModel.swift in Sources */,
				B003000100000002 /* ChipView.swift in Sources */,
				B003000100000003 /* ChipGridView.swift in Sources */,
				B003000100000004 /* OnboardingProgressView.swift in Sources */,
				B003000100000005 /* OnboardingView.swift in Sources */,
				B003000100000006 /* GoalCardView.swift in Sources */,
				B003000100000007 /* FitnessLevelCardView.swift in Sources */,
				B003000100000008 /* DaysPerWeekCardView.swift in Sources */,
				B003000100000009 /* EquipmentCardView.swift in Sources */,
				B00300010000000A /* InjuriesCardView.swift in Sources */,
				B003A00100000001 /* WorkoutPlan.swift in Sources */,
				B003A00100000002 /* UserProfile.swift in Sources */,
				B003A00100000003 /* PersistenceController.swift in Sources */,
				B003A00100000004 /* WorkoutPlanRepository.swift in Sources */,
				B002000100000004 /* WorkoutApp.xcdatamodeld in Sources */,
				B003A02100000001 /* PlanSSEClient.swift in Sources */,
				B003A02100000002 /* PlanGenerationService.swift in Sources */,
				B003B00100000002 /* PlanPreviewViewModel.swift in Sources */,
				B003B00100000003 /* PlanGenerationLoadingView.swift in Sources */,
				B003B00100000004 /* PlanPreviewView.swift in Sources */,
				B003B00100000005 /* WorkoutDayCardView.swift in Sources */,
				B003B00100000006 /* ExerciseRowView.swift in Sources */,
				B002000100000001 /* ExerciseDTO.swift in Sources */,
				B002000100000002 /* ExerciseModel.swift in Sources */,
				B002000100000003 /* ExerciseRepository.swift in Sources */,
				B002002100000001 /* ExerciseLibraryViewModel.swift in Sources */,
				B002002100000002 /* FilterChipRow.swift in Sources */,
				B002002100000003 /* ExerciseLibraryRowView.swift in Sources */,
				B002002100000004 /* ExerciseLibraryView.swift in Sources */,
				B002003100000001 /* VideoPlayerView.swift in Sources */,
				B002003100000002 /* ExercisePlaceholderView.swift in Sources */,
				B002003100000003 /* ExerciseDetailView.swift in Sources */,
				B002004100000001 /* ExerciseCacheManager.swift in Sources */,
				B004000100000001 /* SessionRepository.swift in Sources */,
				B004000100000002 /* SessionViewModel.swift in Sources */,
				B004000100000003 /* SessionSyncService.swift in Sources */,
				B004003100000001 /* RestTimerOverlay.swift in Sources */,
				B004003100000002 /* SessionProgressBar.swift in Sources */,
				B004003100000003 /* SetLogRow.swift in Sources */,
				B004003100000004 /* ExerciseCardView.swift in Sources */,
				B004003100000006 /* SessionSummaryView.swift in Sources */,
				B004003100000005 /* SessionView.swift in Sources */,
				B007000100000003 /* RevenueCatService.swift in Sources */,
				B007003100000001 /* CancellationRetentionView.swift in Sources */,
				B007003100000002 /* PauseOptionsView.swift in Sources */,
				B007003100000003 /* PauseOptionsViewModel.swift in Sources */,
				B007003100000004 /* DiscountOfferView.swift in Sources */,
				B007003100000005 /* DiscountOfferViewModel.swift in Sources */,
				B007002100000001 /* PaywallViewModel.swift in Sources */,
				B007002100000002 /* PaywallView.swift in Sources */,
				B007002100000003 /* ValuePropListView.swift in Sources */,
				B007002100000004 /* PricingCardView.swift in Sources */,
				B007002100000005 /* BlurredPlanGateView.swift in Sources */,
				B005000100000001 /* ChatModels.swift in Sources */,
				B005000100000002 /* CoachSSEClient.swift in Sources */,
				B005000100000003 /* CoachViewModel.swift in Sources */,
				B005004100000001 /* ChatBubbleView.swift in Sources */,
				B005004100000002 /* CoachHeaderView.swift in Sources */,
				B005004100000003 /* ChatInputBar.swift in Sources */,
				B005004100000004 /* StreamingCursorView.swift in Sources */,
				B005004100000005 /* OfflineBannerView.swift in Sources */,
				B005004100000006 /* ChatDateHeader.swift in Sources */,
				B005004100000007 /* PlanModificationCard.swift in Sources */,
			);
			runOnlyForDeploymentPostprocessing = 0;
		};
		B001001010000001 /* Sources */ = {
			isa = PBXSourcesBuildPhase;
			buildActionMask = 2147483647;
			files = (
				B001001100000001 /* WorkoutAppTests.swift in Sources */,
				B003001100000001 /* OnboardingViewModelTests.swift in Sources */,
				B003A01100000001 /* WorkoutPlanDecodingTests.swift in Sources */,
				B003A01100000002 /* PlanPromptBuilderTests.swift in Sources */,
				B003A03100000001 /* WorkoutPlanParserTests.swift in Sources */,
				B003A03100000002 /* WorkoutPlanServiceTests.swift in Sources */,
				B003B01100000001 /* PlanPreviewViewModelTests.swift in Sources */,
				B002001100000001 /* CoreDataStackTests.swift in Sources */,
				B002001100000002 /* ExerciseRepositoryTests.swift in Sources */,
				B002002100000005 /* ExerciseSearchFilterTests.swift in Sources */,
				B002004100000002 /* CacheEvictionTests.swift in Sources */,
				B004001100000001 /* SessionRepositoryTests.swift in Sources */,
				B004005100000001 /* SessionViewModelTests.swift in Sources */,
				B004005100000002 /* SessionSyncServiceTests.swift in Sources */,
				B007001100000001 /* RevenueCatServiceTests.swift in Sources */,
				B007001100000002 /* EntitlementGateTests.swift in Sources */,
				B007004100000001 /* RetentionFlowTests.swift in Sources */,
				B007002100000006 /* PaywallViewModelTests.swift in Sources */,
				B005001100000001 /* CoachViewModelTests.swift in Sources */,
				B005001100000002 /* CoachSSEClientTests.swift in Sources */,
			);
			runOnlyForDeploymentPostprocessing = 0;
		};
		B001002010000001 /* Sources */ = {
			isa = PBXSourcesBuildPhase;
			buildActionMask = 2147483647;
			files = (
				B001002100000001 /* WorkoutAppUITests.swift in Sources */,
			);
			runOnlyForDeploymentPostprocessing = 0;
		};
/* End PBXSourcesBuildPhase section */

/* Begin PBXTargetDependency section */
		B001001070000001 /* PBXTargetDependency */ = {
			isa = PBXTargetDependency;
			target = B001000040000001 /* WorkoutApp */;
			targetProxy = B001001070000002 /* PBXContainerItemProxy */;
		};
		B001002070000001 /* PBXTargetDependency */ = {
			isa = PBXTargetDependency;
			target = B001000040000001 /* WorkoutApp */;
			targetProxy = B001002070000002 /* PBXContainerItemProxy */;
		};
/* End PBXTargetDependency section */

/* Begin XCBuildConfiguration section */
		B001000050000010 /* Debug */ = {
			isa = XCBuildConfiguration;
			baseConfigurationReference = B001000000000007 /* Dev.xcconfig */;
			buildSettings = {
				ALWAYS_SEARCH_USER_PATHS = NO;
				ASSETCATALOG_COMPILER_GENERATE_SWIFT_ASSET_SYMBOL_EXTENSIONS = YES;
				CLANG_ANALYZER_NONNULL = YES;
				CLANG_ANALYZER_NUMBER_OBJECT_CONVERSION = YES_AGGRESSIVE;
				CLANG_CXX_LANGUAGE_STANDARD = "gnu++20";
				CLANG_ENABLE_MODULES = YES;
				CLANG_ENABLE_OBJC_ARC = YES;
				CLANG_ENABLE_OBJC_WEAK = YES;
				CLANG_WARN_BLOCK_CAPTURE_AUTORELEASING = YES;
				CLANG_WARN_BOOL_CONVERSION = YES;
				CLANG_WARN_COMMA = YES;
				CLANG_WARN_CONSTANT_CONVERSION = YES;
				CLANG_WARN_DEPRECATED_OBJC_IMPLEMENTATIONS = YES;
				CLANG_WARN_DIRECT_OBJC_ISA_USAGE = YES_ERROR;
				CLANG_WARN_DOCUMENTATION_COMMENTS = YES;
				CLANG_WARN_EMPTY_BODY = YES;
				CLANG_WARN_ENUM_CONVERSION = YES;
				CLANG_WARN_INFINITE_RECURSION = YES;
				CLANG_WARN_INT_CONVERSION = YES;
				CLANG_WARN_NON_LITERAL_NULL_CONVERSION = YES;
				CLANG_WARN_OBJC_IMPLICIT_RETAIN_SELF = YES;
				CLANG_WARN_OBJC_LITERAL_CONVERSION = YES;
				CLANG_WARN_OBJC_ROOT_CLASS = YES_ERROR;
				CLANG_WARN_QUOTED_INCLUDE_IN_FRAMEWORK_HEADER = YES;
				CLANG_WARN_RANGE_LOOP_ANALYSIS = YES;
				CLANG_WARN_STRICT_PROTOTYPES = YES;
				CLANG_WARN_SUSPICIOUS_MOVE = YES;
				CLANG_WARN_UNGUARDED_AVAILABILITY = YES_AGGRESSIVE;
				CLANG_WARN_UNREACHABLE_CODE = YES;
				CLANG_WARN__DUPLICATE_METHOD_MATCH = YES;
				COPY_PHASE_STRIP = NO;
				DEBUG_INFORMATION_FORMAT = dwarf;
				ENABLE_STRICT_OBJC_MSGSEND = YES;
				ENABLE_TESTABILITY = YES;
				ENABLE_USER_SCRIPT_SANDBOXING = YES;
				GCC_C_LANGUAGE_STANDARD = gnu17;
				GCC_DYNAMIC_NO_PIC = NO;
				GCC_NO_COMMON_BLOCKS = YES;
				GCC_OPTIMIZATION_LEVEL = 0;
				GCC_PREPROCESSOR_DEFINITIONS = (
					"DEBUG=1",
					"$(inherited)",
				);
				GCC_WARN_64_TO_32_BIT_CONVERSION = YES;
				GCC_WARN_ABOUT_RETURN_TYPE = YES_ERROR;
				GCC_WARN_UNDECLARED_SELECTOR = YES;
				GCC_WARN_UNINITIALIZED_AUTOS = YES_AGGRESSIVE;
				GCC_WARN_UNUSED_FUNCTION = YES;
				GCC_WARN_UNUSED_VARIABLE = YES;
				IPHONEOS_DEPLOYMENT_TARGET = 17.0;
				MTL_ENABLE_DEBUG_INFO = INCLUDE_SOURCE;
				MTL_FAST_MATH = YES;
				ONLY_ACTIVE_ARCH = YES;
				SDKROOT = iphoneos;
				SWIFT_ACTIVE_COMPILATION_CONDITIONS = "DEBUG $(inherited)";
				SWIFT_OPTIMIZATION_LEVEL = "-Onone";
				SWIFT_VERSION = 6.0;
			};
			name = Debug;
		};
		B001000050000020 /* Release */ = {
			isa = XCBuildConfiguration;
			baseConfigurationReference = B001000000000008 /* Prod.xcconfig */;
			buildSettings = {
				ALWAYS_SEARCH_USER_PATHS = NO;
				ASSETCATALOG_COMPILER_GENERATE_SWIFT_ASSET_SYMBOL_EXTENSIONS = YES;
				CLANG_ANALYZER_NONNULL = YES;
				CLANG_ANALYZER_NUMBER_OBJECT_CONVERSION = YES_AGGRESSIVE;
				CLANG_CXX_LANGUAGE_STANDARD = "gnu++20";
				CLANG_ENABLE_MODULES = YES;
				CLANG_ENABLE_OBJC_ARC = YES;
				CLANG_ENABLE_OBJC_WEAK = YES;
				CLANG_WARN_BLOCK_CAPTURE_AUTORELEASING = YES;
				CLANG_WARN_BOOL_CONVERSION = YES;
				CLANG_WARN_COMMA = YES;
				CLANG_WARN_CONSTANT_CONVERSION = YES;
				CLANG_WARN_DEPRECATED_OBJC_IMPLEMENTATIONS = YES;
				CLANG_WARN_DIRECT_OBJC_ISA_USAGE = YES_ERROR;
				CLANG_WARN_DOCUMENTATION_COMMENTS = YES;
				CLANG_WARN_EMPTY_BODY = YES;
				CLANG_WARN_ENUM_CONVERSION = YES;
				CLANG_WARN_INFINITE_RECURSION = YES;
				CLANG_WARN_INT_CONVERSION = YES;
				CLANG_WARN_NON_LITERAL_NULL_CONVERSION = YES;
				CLANG_WARN_OBJC_IMPLICIT_RETAIN_SELF = YES;
				CLANG_WARN_OBJC_LITERAL_CONVERSION = YES;
				CLANG_WARN_OBJC_ROOT_CLASS = YES_ERROR;
				CLANG_WARN_QUOTED_INCLUDE_IN_FRAMEWORK_HEADER = YES;
				CLANG_WARN_RANGE_LOOP_ANALYSIS = YES;
				CLANG_WARN_STRICT_PROTOTYPES = YES;
				CLANG_WARN_SUSPICIOUS_MOVE = YES;
				CLANG_WARN_UNGUARDED_AVAILABILITY = YES_AGGRESSIVE;
				CLANG_WARN_UNREACHABLE_CODE = YES;
				CLANG_WARN__DUPLICATE_METHOD_MATCH = YES;
				COPY_PHASE_STRIP = NO;
				DEBUG_INFORMATION_FORMAT = "dwarf-with-dsym";
				ENABLE_NS_ASSERTIONS = NO;
				ENABLE_STRICT_OBJC_MSGSEND = YES;
				ENABLE_USER_SCRIPT_SANDBOXING = YES;
				GCC_C_LANGUAGE_STANDARD = gnu17;
				GCC_NO_COMMON_BLOCKS = YES;
				GCC_WARN_64_TO_32_BIT_CONVERSION = YES;
				GCC_WARN_ABOUT_RETURN_TYPE = YES_ERROR;
				GCC_WARN_UNDECLARED_SELECTOR = YES;
				GCC_WARN_UNINITIALIZED_AUTOS = YES_AGGRESSIVE;
				GCC_WARN_UNUSED_FUNCTION = YES;
				GCC_WARN_UNUSED_VARIABLE = YES;
				IPHONEOS_DEPLOYMENT_TARGET = 17.0;
				MTL_FAST_MATH = YES;
				SDKROOT = iphoneos;
				SWIFT_COMPILATION_MODE = wholemodule;
				SWIFT_OPTIMIZATION_LEVEL = "-O";
				SWIFT_VERSION = 6.0;
				VALIDATE_PRODUCT = YES;
			};
			name = Release;
		};
		B001000050000030 /* Debug */ = {
			isa = XCBuildConfiguration;
			buildSettings = {
				ASSETCATALOG_COMPILER_APPICON_NAME = AppIcon;
				ASSETCATALOG_COMPILER_GLOBAL_ACCENT_COLOR_NAME = AccentColor;
				CODE_SIGN_ENTITLEMENTS = WorkoutApp/WorkoutApp.entitlements;
				CODE_SIGN_STYLE = Automatic;
				CURRENT_PROJECT_VERSION = 1;
				DEVELOPMENT_ASSET_PATHS = "";
				DEVELOPMENT_TEAM = 34A8GVG694;
				ENABLE_PREVIEWS = YES;
				GENERATE_INFOPLIST_FILE = NO;
				INFOPLIST_FILE = WorkoutApp/Info.plist;
				INFOPLIST_KEY_UIApplicationSceneManifest_Generation = YES;
				INFOPLIST_KEY_UIApplicationSupportsIndirectInputEvents = YES;
				INFOPLIST_KEY_UILaunchScreen_Generation = YES;
				INFOPLIST_KEY_UISupportedInterfaceOrientations_iPad = "UIInterfaceOrientationPortrait UIInterfaceOrientationPortraitUpsideDown UIInterfaceOrientationLandscapeLeft UIInterfaceOrientationLandscapeRight";
				INFOPLIST_KEY_UISupportedInterfaceOrientations_iPhone = UIInterfaceOrientationPortrait;
				IPHONEOS_DEPLOYMENT_TARGET = 17.0;
				LD_RUNPATH_SEARCH_PATHS = (
					"$(inherited)",
					"@executable_path/Frameworks",
				);
				MARKETING_VERSION = 1.0;
				PRODUCT_BUNDLE_IDENTIFIER = com.danspirgen.hone;
				PRODUCT_NAME = "$(TARGET_NAME)";
				SWIFT_EMIT_LOC_STRINGS = YES;
				SWIFT_VERSION = 6.0;
				TARGETED_DEVICE_FAMILY = 1;
			};
			name = Debug;
		};
		B001000050000040 /* Release */ = {
			isa = XCBuildConfiguration;
			buildSettings = {
				ASSETCATALOG_COMPILER_APPICON_NAME = AppIcon;
				ASSETCATALOG_COMPILER_GLOBAL_ACCENT_COLOR_NAME = AccentColor;
				CODE_SIGN_ENTITLEMENTS = WorkoutApp/WorkoutApp.entitlements;
				CODE_SIGN_STYLE = Automatic;
				CURRENT_PROJECT_VERSION = 1;
				DEVELOPMENT_ASSET_PATHS = "";
				DEVELOPMENT_TEAM = 34A8GVG694;
				ENABLE_PREVIEWS = YES;
				GENERATE_INFOPLIST_FILE = NO;
				INFOPLIST_FILE = WorkoutApp/Info.plist;
				INFOPLIST_KEY_UIApplicationSceneManifest_Generation = YES;
				INFOPLIST_KEY_UIApplicationSupportsIndirectInputEvents = YES;
				INFOPLIST_KEY_UILaunchScreen_Generation = YES;
				INFOPLIST_KEY_UISupportedInterfaceOrientations_iPad = "UIInterfaceOrientationPortrait UIInterfaceOrientationPortraitUpsideDown UIInterfaceOrientationLandscapeLeft UIInterfaceOrientationLandscapeRight";
				INFOPLIST_KEY_UISupportedInterfaceOrientations_iPhone = UIInterfaceOrientationPortrait;
				IPHONEOS_DEPLOYMENT_TARGET = 17.0;
				LD_RUNPATH_SEARCH_PATHS = (
					"$(inherited)",
					"@executable_path/Frameworks",
				);
				MARKETING_VERSION = 1.0;
				PRODUCT_BUNDLE_IDENTIFIER = com.danspirgen.hone;
				PRODUCT_NAME = "$(TARGET_NAME)";
				SWIFT_EMIT_LOC_STRINGS = YES;
				SWIFT_VERSION = 6.0;
				TARGETED_DEVICE_FAMILY = 1;
			};
			name = Release;
		};
		B001001050000010 /* Debug */ = {
			isa = XCBuildConfiguration;
			buildSettings = {
				BUNDLE_LOADER = "$(TEST_HOST)";
				CODE_SIGN_STYLE = Automatic;
				CURRENT_PROJECT_VERSION = 1;
				GENERATE_INFOPLIST_FILE = YES;
				IPHONEOS_DEPLOYMENT_TARGET = 17.0;
				MARKETING_VERSION = 1.0;
				PRODUCT_BUNDLE_IDENTIFIER = com.workout.WorkoutApp.Tests;
				PRODUCT_NAME = "$(TARGET_NAME)";
				SWIFT_EMIT_LOC_STRINGS = NO;
				SWIFT_VERSION = 6.0;
				TARGETED_DEVICE_FAMILY = 1;
				TEST_HOST = "$(BUILT_PRODUCTS_DIR)/WorkoutApp.app/$(BUNDLE_EXECUTABLE_FOLDER_PATH)/WorkoutApp";
			};
			name = Debug;
		};
		B001001050000020 /* Release */ = {
			isa = XCBuildConfiguration;
			buildSettings = {
				BUNDLE_LOADER = "$(TEST_HOST)";
				CODE_SIGN_STYLE = Automatic;
				CURRENT_PROJECT_VERSION = 1;
				GENERATE_INFOPLIST_FILE = YES;
				IPHONEOS_DEPLOYMENT_TARGET = 17.0;
				MARKETING_VERSION = 1.0;
				PRODUCT_BUNDLE_IDENTIFIER = com.workout.WorkoutApp.Tests;
				PRODUCT_NAME = "$(TARGET_NAME)";
				SWIFT_EMIT_LOC_STRINGS = NO;
				SWIFT_VERSION = 6.0;
				TARGETED_DEVICE_FAMILY = 1;
				TEST_HOST = "$(BUILT_PRODUCTS_DIR)/WorkoutApp.app/$(BUNDLE_EXECUTABLE_FOLDER_PATH)/WorkoutApp";
			};
			name = Release;
		};
		B001002050000010 /* Debug */ = {
			isa = XCBuildConfiguration;
			buildSettings = {
				CODE_SIGN_STYLE = Automatic;
				CURRENT_PROJECT_VERSION = 1;
				GENERATE_INFOPLIST_FILE = YES;
				IPHONEOS_DEPLOYMENT_TARGET = 17.0;
				MARKETING_VERSION = 1.0;
				PRODUCT_BUNDLE_IDENTIFIER = com.workout.WorkoutApp.UITests;
				PRODUCT_NAME = "$(TARGET_NAME)";
				SWIFT_EMIT_LOC_STRINGS = NO;
				SWIFT_VERSION = 6.0;
				TARGETED_DEVICE_FAMILY = 1;
				TEST_TARGET_NAME = WorkoutApp;
			};
			name = Debug;
		};
		B001002050000020 /* Release */ = {
			isa = XCBuildConfiguration;
			buildSettings = {
				CODE_SIGN_STYLE = Automatic;
				CURRENT_PROJECT_VERSION = 1;
				GENERATE_INFOPLIST_FILE = YES;
				IPHONEOS_DEPLOYMENT_TARGET = 17.0;
				MARKETING_VERSION = 1.0;
				PRODUCT_BUNDLE_IDENTIFIER = com.workout.WorkoutApp.UITests;
				PRODUCT_NAME = "$(TARGET_NAME)";
				SWIFT_EMIT_LOC_STRINGS = NO;
				SWIFT_VERSION = 6.0;
				TARGETED_DEVICE_FAMILY = 1;
				TEST_TARGET_NAME = WorkoutApp;
			};
			name = Release;
		};
/* End XCBuildConfiguration section */

/* Begin XCConfigurationList section */
		B001000050000000 /* Build configuration list for PBXProject "WorkoutApp" */ = {
			isa = XCConfigurationList;
			buildConfigurations = (
				B001000050000010 /* Debug */,
				B001000050000020 /* Release */,
			);
			defaultConfigurationIsVisible = 0;
			defaultConfigurationName = Release;
		};
		B001000050000001 /* Build configuration list for PBXNativeTarget "WorkoutApp" */ = {
			isa = XCConfigurationList;
			buildConfigurations = (
				B001000050000030 /* Debug */,
				B001000050000040 /* Release */,
			);
			defaultConfigurationIsVisible = 0;
			defaultConfigurationName = Release;
		};
		B001001050000001 /* Build configuration list for PBXNativeTarget "WorkoutAppTests" */ = {
			isa = XCConfigurationList;
			buildConfigurations = (
				B001001050000010 /* Debug */,
				B001001050000020 /* Release */,
			);
			defaultConfigurationIsVisible = 0;
			defaultConfigurationName = Release;
		};
		B001002050000001 /* Build configuration list for PBXNativeTarget "WorkoutAppUITests" */ = {
			isa = XCConfigurationList;
			buildConfigurations = (
				B001002050000010 /* Debug */,
				B001002050000020 /* Release */,
			);
			defaultConfigurationIsVisible = 0;
			defaultConfigurationName = Release;
		};
/* End XCConfigurationList section */

/* Begin XCRemoteSwiftPackageReference section */
		B001003090000001 /* XCRemoteSwiftPackageReference "supabase-swift" */ = {
			isa = XCRemoteSwiftPackageReference;
			repositoryURL = "https://github.com/supabase/supabase-swift.git";
			requirement = {
				kind = upToNextMajorVersion;
				minimumVersion = 2.0.0;
			};
		};
		B001003090000002 /* XCRemoteSwiftPackageReference "KeychainAccess" */ = {
			isa = XCRemoteSwiftPackageReference;
			repositoryURL = "https://github.com/kishikawakatsumi/KeychainAccess.git";
			requirement = {
				kind = upToNextMajorVersion;
				minimumVersion = 4.0.0;
			};
		};
		B002003090000001 /* XCRemoteSwiftPackageReference "mux-player-swift" */ = {
			isa = XCRemoteSwiftPackageReference;
			repositoryURL = "https://github.com/muxinc/mux-player-swift";
			requirement = {
				kind = upToNextMajorVersion;
				minimumVersion = 1.0.0;
			};
		};
		B007000090000001 /* XCRemoteSwiftPackageReference "purchases-ios" */ = {
			isa = XCRemoteSwiftPackageReference;
			repositoryURL = "https://github.com/RevenueCat/purchases-ios";
			requirement = {
				kind = upToNextMajorVersion;
				minimumVersion = 5.0.0;
			};
		};
/* End XCRemoteSwiftPackageReference section */

/* Begin XCSwiftPackageProductDependency section */
		B001003000000001 /* Supabase */ = {
			isa = XCSwiftPackageProductDependency;
			package = B001003090000001 /* XCRemoteSwiftPackageReference "supabase-swift" */;
			productName = Supabase;
		};
		B001003000000002 /* KeychainAccess */ = {
			isa = XCSwiftPackageProductDependency;
			package = B001003090000002 /* XCRemoteSwiftPackageReference "KeychainAccess" */;
			productName = KeychainAccess;
		};
		B002003000000004 /* MuxPlayerSwift */ = {
			isa = XCSwiftPackageProductDependency;
			package = B002003090000001 /* XCRemoteSwiftPackageReference "mux-player-swift" */;
			productName = MuxPlayerSwift;
		};
		B007000000000001 /* RevenueCat */ = {
			isa = XCSwiftPackageProductDependency;
			package = B007000090000001 /* XCRemoteSwiftPackageReference "purchases-ios" */;
			productName = RevenueCat;
		};
		B007000000000002 /* RevenueCatUI */ = {
			isa = XCSwiftPackageProductDependency;
			package = B007000090000001 /* XCRemoteSwiftPackageReference "purchases-ios" */;
			productName = RevenueCatUI;
		};
/* End XCSwiftPackageProductDependency section */
	};
	rootObject = B001000080000001 /* Project object */;
}
